// !$*UTF8*$!
{
	archiveVersion = 1;
	classes = {
	};
	objectVersion = 55;
	objects = {

/* Begin PBXBuildFile section */
		2AA8AE2C28CE785C0072FF55 /* AppDelegate.swift in Sources */ = {isa = PBXBuildFile; fileRef = 2AA8AE2B28CE785C0072FF55 /* AppDelegate.swift */; };
		2AA8AE2E28CE785C0072FF55 /* SceneDelegate.swift in Sources */ = {isa = PBXBuildFile; fileRef = 2AA8AE2D28CE785C0072FF55 /* SceneDelegate.swift */; };
		2AA8AE3028CE785C0072FF55 /* TodoListViewController.swift in Sources */ = {isa = PBXBuildFile; fileRef = 2AA8AE2F28CE785C0072FF55 /* TodoListViewController.swift */; };
		2AA8AE3328CE785C0072FF55 /* Main.storyboard in Resources */ = {isa = PBXBuildFile; fileRef = 2AA8AE3128CE785C0072FF55 /* Main.storyboard */; };
		2AA8AE3528CE78600072FF55 /* Assets.xcassets in Resources */ = {isa = PBXBuildFile; fileRef = 2AA8AE3428CE78600072FF55 /* Assets.xcassets */; };
		2AA8AE3828CE78600072FF55 /* LaunchScreen.storyboard in Resources */ = {isa = PBXBuildFile; fileRef = 2AA8AE3628CE78600072FF55 /* LaunchScreen.storyboard */; };
		2AA8AE4328CE78600072FF55 /* TodoListTests.swift in Sources */ = {isa = PBXBuildFile; fileRef = 2AA8AE4228CE78600072FF55 /* TodoListTests.swift */; };
		2AA8AE4D28CE78600072FF55 /* TodoListUITests.swift in Sources */ = {isa = PBXBuildFile; fileRef = 2AA8AE4C28CE78600072FF55 /* TodoListUITests.swift */; };
		2AA8AE4F28CE78600072FF55 /* TodoListUITestsLaunchTests.swift in Sources */ = {isa = PBXBuildFile; fileRef = 2AA8AE4E28CE78600072FF55 /* TodoListUITestsLaunchTests.swift */; };
/* End PBXBuildFile section */

/* Begin PBXContainerItemProxy section */
		2AA8AE3F28CE78600072FF55 /* PBXContainerItemProxy */ = {
			isa = PBXContainerItemProxy;
			containerPortal = 2AA8AE2028CE785C0072FF55 /* Project object */;
			proxyType = 1;
			remoteGlobalIDString = 2AA8AE2728CE785C0072FF55;
			remoteInfo = TodoList;
		};
		2AA8AE4928CE78600072FF55 /* PBXContainerItemProxy */ = {
			isa = PBXContainerItemProxy;
			containerPortal = 2AA8AE2028CE785C0072FF55 /* Project object */;
			proxyType = 1;
			remoteGlobalIDString = 2AA8AE2728CE785C0072FF55;
			remoteInfo = TodoList;
		};
/* End PBXContainerItemProxy section */

/* Begin PBXFileReference section */
		2AA8AE2828CE785C0072FF55 /* TodoList.app */ = {isa = PBXFileReference; explicitFileType = wrapper.application; includeInIndex = 0; path = TodoList.app; sourceTree = BUILT_PRODUCTS_DIR; };
		2AA8AE2B28CE785C0072FF55 /* AppDelegate.swift */ = {isa = PBXFileReference; lastKnownFileType = sourcecode.swift; path = AppDelegate.swift; sourceTree = "<group>"; };
		2AA8AE2D28CE785C0072FF55 /* SceneDelegate.swift */ = {isa = PBXFileReference; lastKnownFileType = sourcecode.swift; path = SceneDelegate.swift; sourceTree = "<group>"; };
		2AA8AE2F28CE785C0072FF55 /* TodoListViewController.swift */ = {isa = PBXFileReference; lastKnownFileType = sourcecode.swift; path = TodoListViewController.swift; sourceTree = "<group>"; };
		2AA8AE3228CE785C0072FF55 /* Base */ = {isa = PBXFileReference; lastKnownFileType = file.storyboard; name = Base; path = Base.lproj/Main.storyboard; sourceTree = "<group>"; };
		2AA8AE3428CE78600072FF55 /* Assets.xcassets */ = {isa = PBXFileReference; lastKnownFileType = folder.assetcatalog; path = Assets.xcassets; sourceTree = "<group>"; };
		2AA8AE3728CE78600072FF55 /* Base */ = {isa = PBXFileReference; lastKnownFileType = file.storyboard; name = Base; path = Base.lproj/LaunchScreen.storyboard; sourceTree = "<group>"; };
		2AA8AE3928CE78600072FF55 /* Info.plist */ = {isa = PBXFileReference; lastKnownFileType = text.plist.xml; path = Info.plist; sourceTree = "<group>"; };
		2AA8AE3E28CE78600072FF55 /* TodoListTests.xctest */ = {isa = PBXFileReference; explicitFileType = wrapper.cfbundle; includeInIndex = 0; path = TodoListTests.xctest; sourceTree = BUILT_PRODUCTS_DIR; };
		2AA8AE4228CE78600072FF55 /* TodoListTests.swift */ = {isa = PBXFileReference; lastKnownFileType = sourcecode.swift; path = TodoListTests.swift; sourceTree = "<group>"; };
		2AA8AE4828CE78600072FF55 /* TodoListUITests.xctest */ = {isa = PBXFileReference; explicitFileType = wrapper.cfbundle; includeInIndex = 0; path = TodoListUITests.xctest; sourceTree = BUILT_PRODUCTS_DIR; };
		2AA8AE4C28CE78600072FF55 /* TodoListUITests.swift */ = {isa = PBXFileReference; lastKnownFileType = sourcecode.swift; path = TodoListUITests.swift; sourceTree = "<group>"; };
		2AA8AE4E28CE78600072FF55 /* TodoListUITestsLaunchTests.swift */ = {isa = PBXFileReference; lastKnownFileType = sourcecode.swift; path = TodoListUITestsLaunchTests.swift; sourceTree = "<group>"; };
/* End PBXFileReference section */

/* Begin PBXFrameworksBuildPhase section */
		2AA8AE2528CE785C0072FF55 /* Frameworks */ = {
			isa = PBXFrameworksBuildPhase;
			buildActionMask = 2147483647;
			files = (
			);
			runOnlyForDeploymentPostprocessing = 0;
		};
		2AA8AE3B28CE78600072FF55 /* Frameworks */ = {
			isa = PBXFrameworksBuildPhase;
			buildActionMask = 2147483647;
			files = (
			);
			runOnlyForDeploymentPostprocessing = 0;
		};
		2AA8AE4528CE78600072FF55 /* Frameworks */ = {
			isa = PBXFrameworksBuildPhase;
			buildActionMask = 2147483647;
			files = (
			);
			runOnlyForDeploymentPostprocessing = 0;
		};
/* End PBXFrameworksBuildPhase section */

/* Begin PBXGroup section */
		2AA8AE1F28CE785C0072FF55 = {
			isa = PBXGroup;
			children = (
				2AA8AE2A28CE785C0072FF55 /* TodoList */,
				2AA8AE4128CE78600072FF55 /* TodoListTests */,
				2AA8AE4B28CE78600072FF55 /* TodoListUITests */,
				2AA8AE2928CE785C0072FF55 /* Products */,
			);
			sourceTree = "<group>";
		};
		2AA8AE2928CE785C0072FF55 /* Products */ = {
			isa = PBXGroup;
			children = (
				2AA8AE2828CE785C0072FF55 /* TodoList.app */,
				2AA8AE3E28CE78600072FF55 /* TodoListTests.xctest */,
				2AA8AE4828CE78600072FF55 /* TodoListUITests.xctest */,
			);
			name = Products;
			sourceTree = "<group>";
		};
		2AA8AE2A28CE785C0072FF55 /* TodoList */ = {
			isa = PBXGroup;
			children = (
				2AA8AE2B28CE785C0072FF55 /* AppDelegate.swift */,
				2AA8AE2D28CE785C0072FF55 /* SceneDelegate.swift */,
				2AA8AE2F28CE785C0072FF55 /* TodoListViewController.swift */,
				2AA8AE3128CE785C0072FF55 /* Main.storyboard */,
				2AA8AE3428CE78600072FF55 /* Assets.xcassets */,
				2AA8AE3628CE78600072FF55 /* LaunchScreen.storyboard */,
				2AA8AE3928CE78600072FF55 /* Info.plist */,
			);
			path = TodoList;
			sourceTree = "<group>";
		};
		2AA8AE4128CE78600072FF55 /* TodoListTests */ = {
			isa = PBXGroup;
			children = (
				2AA8AE4228CE78600072FF55 /* TodoListTests.swift */,
			);
			path = TodoListTests;
			sourceTree = "<group>";
		};
		2AA8AE4B28CE78600072FF55 /* TodoListUITests */ = {
			isa = PBXGroup;
			children = (
				2AA8AE4C28CE78600072FF55 /* TodoListUITests.swift */,
				2AA8AE4E28CE78600072FF55 /* TodoListUITestsLaunchTests.swift */,
			);
			path = TodoListUITests;
			sourceTree = "<group>";
		};
/* End PBXGroup section */

/* Begin PBXNativeTarget section */
		2AA8AE2728CE785C0072FF55 /* TodoList */ = {
			isa = PBXNativeTarget;
			buildConfigurationList = 2AA8AE5228CE78600072FF55 /* Build configuration list for PBXNativeTarget "TodoList" */;
			buildPhases = (
				2AA8AE2428CE785C0072FF55 /* Sources */,
				2AA8AE2528CE785C0072FF55 /* Frameworks */,
				2AA8AE2628CE785C0072FF55 /* Resources */,
			);
			buildRules = (
			);
			dependencies = (
			);
			name = TodoList;
			productName = TodoList;
			productReference = 2AA8AE2828CE785C0072FF55 /* TodoList.app */;
			productType = "com.apple.product-type.application";
		};
		2AA8AE3D28CE78600072FF55 /* TodoListTests */ = {
			isa = PBXNativeTarget;
			buildConfigurationList = 2AA8AE5528CE78600072FF55 /* Build configuration list for PBXNativeTarget "TodoListTests" */;
			buildPhases = (
				2AA8AE3A28CE78600072FF55 /* Sources */,
				2AA8AE3B28CE78600072FF55 /* Frameworks */,
				2AA8AE3C28CE78600072FF55 /* Resources */,
			);
			buildRules = (
			);
			dependencies = (
				2AA8AE4028CE78600072FF55 /* PBXTargetDependency */,
			);
			name = TodoListTests;
			productName = TodoListTests;
			productReference = 2AA8AE3E28CE78600072FF55 /* TodoListTests.xctest */;
			productType = "com.apple.product-type.bundle.unit-test";
		};
		2AA8AE4728CE78600072FF55 /* TodoListUITests */ = {
			isa = PBXNativeTarget;
			buildConfigurationList = 2AA8AE5828CE78600072FF55 /* Build configuration list for PBXNativeTarget "TodoListUITests" */;
			buildPhases = (
				2AA8AE4428CE78600072FF55 /* Sources */,
				2AA8AE4528CE78600072FF55 /* Frameworks */,
				2AA8AE4628CE78600072FF55 /* Resources */,
			);
			buildRules = (
			);
			dependencies = (
				2AA8AE4A28CE78600072FF55 /* PBXTargetDependency */,
			);
			name = TodoListUITests;
			productName = TodoListUITests;
			productReference = 2AA8AE4828CE78600072FF55 /* TodoListUITests.xctest */;
			productType = "com.apple.product-type.bundle.ui-testing";
		};
/* End PBXNativeTarget section */

/* Begin PBXProject section */
		2AA8AE2028CE785C0072FF55 /* Project object */ = {
			isa = PBXProject;
			attributes = {
				BuildIndependentTargetsInParallel = 1;
				LastSwiftUpdateCheck = 1340;
				LastUpgradeCheck = 1340;
				TargetAttributes = {
					2AA8AE2728CE785C0072FF55 = {
						CreatedOnToolsVersion = 13.4.1;
					};
					2AA8AE3D28CE78600072FF55 = {
						CreatedOnToolsVersion = 13.4.1;
						TestTargetID = 2AA8AE2728CE785C0072FF55;
					};
					2AA8AE4728CE78600072FF55 = {
						CreatedOnToolsVersion = 13.4.1;
						TestTargetID = 2AA8AE2728CE785C0072FF55;
					};
				};
			};
			buildConfigurationList = 2AA8AE2328CE785C0072FF55 /* Build configuration list for PBXProject "TodoList" */;
			compatibilityVersion = "Xcode 13.0";
			developmentRegion = en;
			hasScannedForEncodings = 0;
			knownRegions = (
				en,
				Base,
			);
			mainGroup = 2AA8AE1F28CE785C0072FF55;
			productRefGroup = 2AA8AE2928CE785C0072FF55 /* Products */;
			projectDirPath = "";
			projectRoot = "";
			targets = (
				2AA8AE2728CE785C0072FF55 /* TodoList */,
				2AA8AE3D28CE78600072FF55 /* TodoListTests */,
				2AA8AE4728CE78600072FF55 /* TodoListUITests */,
			);
		};
/* End PBXProject section */

/* Begin PBXResourcesBuildPhase section */
		2AA8AE2628CE785C0072FF55 /* Resources */ = {
			isa = PBXResourcesBuildPhase;
			buildActionMask = 2147483647;
			files = (
				2AA8AE3828CE78600072FF55 /* LaunchScreen.storyboard in Resources */,
				2AA8AE3528CE78600072FF55 /* Assets.xcassets in Resources */,
				2AA8AE3328CE785C0072FF55 /* Main.storyboard in Resources */,
			);
			runOnlyForDeploymentPostprocessing = 0;
		};
		2AA8AE3C28CE78600072FF55 /* Resources */ = {
			isa = PBXResourcesBuildPhase;
			buildActionMask = 2147483647;
			files = (
			);
			runOnlyForDeploymentPostprocessing = 0;
		};
		2AA8AE4628CE78600072FF55 /* Resources */ = {
			isa = PBXResourcesBuildPhase;
			buildActionMask = 2147483647;
			files = (
			);
			runOnlyForDeploymentPostprocessing = 0;
		};
/* End PBXResourcesBuildPhase section */

/* Begin PBXSourcesBuildPhase section */
		2AA8AE2428CE785C0072FF55 /* Sources */ = {
			isa = PBXSourcesBuildPhase;
			buildActionMask = 2147483647;
			files = (
				2AA8AE3028CE785C0072FF55 /* TodoListViewController.swift in Sources */,
				2AA8AE2C28CE785C0072FF55 /* AppDelegate.swift in Sources */,
				2AA8AE2E28CE785C0072FF55 /* SceneDelegate.swift in Sources */,
			);
			runOnlyForDeploymentPostprocessing = 0;
		};
		2AA8AE3A28CE78600072FF55 /* Sources */ = {
			isa = PBXSourcesBuildPhase;
			buildActionMask = 2147483647;
			files = (
				2AA8AE4328CE78600072FF55 /* TodoListTests.swift in Sources */,
			);
			runOnlyForDeploymentPostprocessing = 0;
		};
		2AA8AE4428CE78600072FF55 /* Sources */ = {
			isa = PBXSourcesBuildPhase;
			buildActionMask = 2147483647;
			files = (
				2AA8AE4F28CE78600072FF55 /* TodoListUITestsLaunchTests.swift in Sources */,
				2AA8AE4D28CE78600072FF55 /* TodoListUITests.swift in Sources */,
			);
			runOnlyForDeploymentPostprocessing = 0;
		};
/* End PBXSourcesBuildPhase section */

/* Begin PBXTargetDependency section */
		2AA8AE4028CE78600072FF55 /* PBXTargetDependency */ = {
			isa = PBXTargetDependency;
			target = 2AA8AE2728CE785C0072FF55 /* TodoList */;
			targetProxy = 2AA8AE3F28CE78600072FF55 /* PBXContainerItemProxy */;
		};
		2AA8AE4A28CE78600072FF55 /* PBXTargetDependency */ = {
			isa = PBXTargetDependency;
			target = 2AA8AE2728CE785C0072FF55 /* TodoList */;
			targetProxy = 2AA8AE4928CE78600072FF55 /* PBXContainerItemProxy */;
		};
/* End PBXTargetDependency section */

/* Begin PBXVariantGroup section */
		2AA8AE3128CE785C0072FF55 /* Main.storyboard */ = {
			isa = PBXVariantGroup;
			children = (
				2AA8AE3228CE785C0072FF55 /* Base */,
			);
			name = Main.storyboard;
			sourceTree = "<group>";
		};
		2AA8AE3628CE78600072FF55 /* LaunchScreen.storyboard */ = {
			isa = PBXVariantGroup;
			children = (
				2AA8AE3728CE78600072FF55 /* Base */,
			);
			name = LaunchScreen.storyboard;
			sourceTree = "<group>";
		};
/* End PBXVariantGroup section */

/* Begin XCBuildConfiguration section */
		2AA8AE5028CE78600072FF55 /* Debug */ = {
			isa = XCBuildConfiguration;
			buildSettings = {
				ALWAYS_SEARCH_USER_PATHS = NO;
				CLANG_ANALYZER_NONNULL = YES;
				CLANG_ANALYZER_NUMBER_OBJECT_CONVERSION = YES_AGGRESSIVE;
				CLANG_CXX_LANGUAGE_STANDARD = "gnu++17";
				CLANG_ENABLE_MODULES = YES;
				CLANG_ENABLE_OBJC_ARC = YES;
				CLANG_ENABLE_OBJC_WEAK = YES;
				CLANG_WARN_BLOCK_CAPTURE_AUTORELEASING = YES;
				CLANG_WARN_BOOL_CONVERSION = YES;
				CLANG_WARN_COMMA = YES;
				CLANG_WARN_CONSTANT_CONVERSION = YES;
				CLANG_WARN_DEPRECATED_OBJC_IMPLEMENTATIONS = YES;
				CLANG_WARN_DIRECT_OBJC_ISA_USAGE = YES_ERROR;
				CLANG_WARN_DOCUMENTATION_COMMENTS = YES;
				CLANG_WARN_EMPTY_BODY = YES;
				CLANG_WARN_ENUM_CONVERSION = YES;
				CLANG_WARN_INFINITE_RECURSION = YES;
				CLANG_WARN_INT_CONVERSION = YES;
				CLANG_WARN_NON_LITERAL_NULL_CONVERSION = YES;
				CLANG_WARN_OBJC_IMPLICIT_RETAIN_SELF = YES;
				CLANG_WARN_OBJC_LITERAL_CONVERSION = YES;
				CLANG_WARN_OBJC_ROOT_CLASS = YES_ERROR;
				CLANG_WARN_QUOTED_INCLUDE_IN_FRAMEWORK_HEADER = YES;
				CLANG_WARN_RANGE_LOOP_ANALYSIS = YES;
				CLANG_WARN_STRICT_PROTOTYPES = YES;
				CLANG_WARN_SUSPICIOUS_MOVE = YES;
				CLANG_WARN_UNGUARDED_AVAILABILITY = YES_AGGRESSIVE;
				CLANG_WARN_UNREACHABLE_CODE = YES;
				CLANG_WARN__DUPLICATE_METHOD_MATCH = YES;
				COPY_PHASE_STRIP = NO;
				DEBUG_INFORMATION_FORMAT = dwarf;
				ENABLE_STRICT_OBJC_MSGSEND = YES;
				ENABLE_TESTABILITY = YES;
				GCC_C_LANGUAGE_STANDARD = gnu11;
				GCC_DYNAMIC_NO_PIC = NO;
				GCC_NO_COMMON_BLOCKS = YES;
				GCC_OPTIMIZATION_LEVEL = 0;
				GCC_PREPROCESSOR_DEFINITIONS = (
					"DEBUG=1",
					"$(inherited)",
				);
				GCC_WARN_64_TO_32_BIT_CONVERSION = YES;
				GCC_WARN_ABOUT_RETURN_TYPE = YES_ERROR;
				GCC_WARN_UNDECLARED_SELECTOR = YES;
				GCC_WARN_UNINITIALIZED_AUTOS = YES_AGGRESSIVE;
				GCC_WARN_UNUSED_FUNCTION = YES;
				GCC_WARN_UNUSED_VARIABLE = YES;
				IPHONEOS_DEPLOYMENT_TARGET = 15.5;
				MTL_ENABLE_DEBUG_INFO = INCLUDE_SOURCE;
				MTL_FAST_MATH = YES;
				ONLY_ACTIVE_ARCH = YES;
				SDKROOT = iphoneos;
				SWIFT_ACTIVE_COMPILATION_CONDITIONS = DEBUG;
				SWIFT_OPTIMIZATION_LEVEL = "-Onone";
			};
			name = Debug;
		};
		2AA8AE5128CE78600072FF55 /* Release */ = {
			isa = XCBuildConfiguration;
			buildSettings = {
				ALWAYS_SEARCH_USER_PATHS = NO;
				CLANG_ANALYZER_NONNULL = YES;
				CLANG_ANALYZER_NUMBER_OBJECT_CONVERSION = YES_AGGRESSIVE;
				CLANG_CXX_LANGUAGE_STANDARD = "gnu++17";
				CLANG_ENABLE_MODULES = YES;
				CLANG_ENABLE_OBJC_ARC = YES;
				CLANG_ENABLE_OBJC_WEAK = YES;
				CLANG_WARN_BLOCK_CAPTURE_AUTORELEASING = YES;
				CLANG_WARN_BOOL_CONVERSION = YES;
				CLANG_WARN_COMMA = YES;
				CLANG_WARN_CONSTANT_CONVERSION = YES;
				CLANG_WARN_DEPRECATED_OBJC_IMPLEMENTATIONS = YES;
				CLANG_WARN_DIRECT_OBJC_ISA_USAGE = YES_ERROR;
				CLANG_WARN_DOCUMENTATION_COMMENTS = YES;
				CLANG_WARN_EMPTY_BODY = YES;
				CLANG_WARN_ENUM_CONVERSION = YES;
				CLANG_WARN_INFINITE_RECURSION = YES;
				CLANG_WARN_INT_CONVERSION = YES;
				CLANG_WARN_NON_LITERAL_NULL_CONVERSION = YES;
				CLANG_WARN_OBJC_IMPLICIT_RETAIN_SELF = YES;
				CLANG_WARN_OBJC_LITERAL_CONVERSION = YES;
				CLANG_WARN_OBJC_ROOT_CLASS = YES_ERROR;
				CLANG_WARN_QUOTED_INCLUDE_IN_FRAMEWORK_HEADER = YES;
				CLANG_WARN_RANGE_LOOP_ANALYSIS = YES;
				CLANG_WARN_STRICT_PROTOTYPES = YES;
				CLANG_WARN_SUSPICIOUS_MOVE = YES;
				CLANG_WARN_UNGUARDED_AVAILABILITY = YES_AGGRESSIVE;
				CLANG_WARN_UNREACHABLE_CODE = YES;
				CLANG_WARN__DUPLICATE_METHOD_MATCH = YES;
				COPY_PHASE_STRIP = NO;
				DEBUG_INFORMATION_FORMAT = "dwarf-with-dsym";
				ENABLE_NS_ASSERTIONS = NO;
				ENABLE_STRICT_OBJC_MSGSEND = YES;
				GCC_C_LANGUAGE_STANDARD = gnu11;
				GCC_NO_COMMON_BLOCKS = YES;
				GCC_WARN_64_TO_32_BIT_CONVERSION = YES;
				GCC_WARN_ABOUT_RETURN_TYPE = YES_ERROR;
				GCC_WARN_UNDECLARED_SELECTOR = YES;
				GCC_WARN_UNINITIALIZED_AUTOS = YES_AGGRESSIVE;
				GCC_WARN_UNUSED_FUNCTION = YES;
				GCC_WARN_UNUSED_VARIABLE = YES;
				IPHONEOS_DEPLOYMENT_TARGET = 15.5;
				MTL_ENABLE_DEBUG_INFO = NO;
				MTL_FAST_MATH = YES;
				SDKROOT = iphoneos;
				SWIFT_COMPILATION_MODE = wholemodule;
				SWIFT_OPTIMIZATION_LEVEL = "-O";
				VALIDATE_PRODUCT = YES;
			};
			name = Release;
		};
		2AA8AE5328CE78600072FF55 /* Debug */ = {
			isa = XCBuildConfiguration;
			buildSettings = {
				ASSETCATALOG_COMPILER_APPICON_NAME = AppIcon;
				ASSETCATALOG_COMPILER_GLOBAL_ACCENT_COLOR_NAME = AccentColor;
				CODE_SIGN_STYLE = Automatic;
				CURRENT_PROJECT_VERSION = 1;
				GENERATE_INFOPLIST_FILE = YES;
				INFOPLIST_FILE = TodoList/Info.plist;
				INFOPLIST_KEY_UIApplicationSupportsIndirectInputEvents = YES;
				INFOPLIST_KEY_UILaunchStoryboardName = LaunchScreen;
				INFOPLIST_KEY_UIMainStoryboardFile = Main;
				INFOPLIST_KEY_UISupportedInterfaceOrientations_iPad = "UIInterfaceOrientationPortrait UIInterfaceOrientationPortraitUpsideDown UIInterfaceOrientationLandscapeLeft UIInterfaceOrientationLandscapeRight";
				INFOPLIST_KEY_UISupportedInterfaceOrientations_iPhone = "UIInterfaceOrientationPortrait UIInterfaceOrientationLandscapeLeft UIInterfaceOrientationLandscapeRight";
				LD_RUNPATH_SEARCH_PATHS = (
					"$(inherited)",
					"@executable_path/Frameworks",
				);
				MARKETING_VERSION = 1.0;
				PRODUCT_BUNDLE_IDENTIFIER = com.co.emegonza.TodoList;
				PRODUCT_NAME = "$(TARGET_NAME)";
				SWIFT_EMIT_LOC_STRINGS = YES;
				SWIFT_VERSION = 5.0;
				TARGETED_DEVICE_FAMILY = "1,2";
			};
			name = Debug;
		};
		2AA8AE5428CE78600072FF55 /* Release */ = {
			isa = XCBuildConfiguration;
			buildSettings = {
				ASSETCATALOG_COMPILER_APPICON_NAME = AppIcon;
				ASSETCATALOG_COMPILER_GLOBAL_ACCENT_COLOR_NAME = AccentColor;
				CODE_SIGN_STYLE = Automatic;
				CURRENT_PROJECT_VERSION = 1;
				GENERATE_INFOPLIST_FILE = YES;
				INFOPLIST_FILE = TodoList/Info.plist;
				INFOPLIST_KEY_UIApplicationSupportsIndirectInputEvents = YES;
				INFOPLIST_KEY_UILaunchStoryboardName = LaunchScreen;
				INFOPLIST_KEY_UIMainStoryboardFile = Main;
				INFOPLIST_KEY_UISupportedInterfaceOrientations_iPad = "UIInterfaceOrientationPortrait UIInterfaceOrientationPortraitUpsideDown UIInterfaceOrientationLandscapeLeft UIInterfaceOrientationLandscapeRight";
				INFOPLIST_KEY_UISupportedInterfaceOrientations_iPhone = "UIInterfaceOrientationPortrait UIInterfaceOrientationLandscapeLeft UIInterfaceOrientationLandscapeRight";
				LD_RUNPATH_SEARCH_PATHS = (
					"$(inherited)",
					"@executable_path/Frameworks",
				);
				MARKETING_VERSION = 1.0;
				PRODUCT_BUNDLE_IDENTIFIER = com.co.emegonza.TodoList;
				PRODUCT_NAME = "$(TARGET_NAME)";
				SWIFT_EMIT_LOC_STRINGS = YES;
				SWIFT_VERSION = 5.0;
				TARGETED_DEVICE_FAMILY = "1,2";
			};
			name = Release;
		};
		2AA8AE5628CE78600072FF55 /* Debug */ = {
			isa = XCBuildConfiguration;
			buildSettings = {
				ALWAYS_EMBED_SWIFT_STANDARD_LIBRARIES = YES;
				BUNDLE_LOADER = "$(TEST_HOST)";
				CODE_SIGN_STYLE = Automatic;
				CURRENT_PROJECT_VERSION = 1;
				GENERATE_INFOPLIST_FILE = YES;
				IPHONEOS_DEPLOYMENT_TARGET = 15.5;
				MARKETING_VERSION = 1.0;
				PRODUCT_BUNDLE_IDENTIFIER = com.co.emegonza.TodoListTests;
				PRODUCT_NAME = "$(TARGET_NAME)";
				SWIFT_EMIT_LOC_STRINGS = NO;
				SWIFT_VERSION = 5.0;
				TARGETED_DEVICE_FAMILY = "1,2";
				TEST_HOST = "$(BUILT_PRODUCTS_DIR)/TodoList.app/TodoList";
			};
			name = Debug;
		};
		2AA8AE5728CE78600072FF55 /* Release */ = {
			isa = XCBuildConfiguration;
			buildSettings = {
				ALWAYS_EMBED_SWIFT_STANDARD_LIBRARIES = YES;
				BUNDLE_LOADER = "$(TEST_HOST)";
				CODE_SIGN_STYLE = Automatic;
				CURRENT_PROJECT_VERSION = 1;
				GENERATE_INFOPLIST_FILE = YES;
				IPHONEOS_DEPLOYMENT_TARGET = 15.5;
				MARKETING_VERSION = 1.0;
				PRODUCT_BUNDLE_IDENTIFIER = com.co.emegonza.TodoListTests;
				PRODUCT_NAME = "$(TARGET_NAME)";
				SWIFT_EMIT_LOC_STRINGS = NO;
				SWIFT_VERSION = 5.0;
				TARGETED_DEVICE_FAMILY = "1,2";
				TEST_HOST = "$(BUILT_PRODUCTS_DIR)/TodoList.app/TodoList";
			};
			name = Release;
		};
		2AA8AE5928CE78600072FF55 /* Debug */ = {
			isa = XCBuildConfiguration;
			buildSettings = {
				ALWAYS_EMBED_SWIFT_STANDARD_LIBRARIES = YES;
				CODE_SIGN_STYLE = Automatic;
				CURRENT_PROJECT_VERSION = 1;
				GENERATE_INFOPLIST_FILE = YES;
				MARKETING_VERSION = 1.0;
				PRODUCT_BUNDLE_IDENTIFIER = com.co.emegonza.TodoListUITests;
				PRODUCT_NAME = "$(TARGET_NAME)";
				SWIFT_EMIT_LOC_STRINGS = NO;
				SWIFT_VERSION = 5.0;
				TARGETED_DEVICE_FAMILY = "1,2";
				TEST_TARGET_NAME = TodoList;
			};
			name = Debug;
		};
		2AA8AE5A28CE78600072FF55 /* Release */ = {
			isa = XCBuildConfiguration;
			buildSettings = {
				ALWAYS_EMBED_SWIFT_STANDARD_LIBRARIES = YES;
				CODE_SIGN_STYLE = Automatic;
				CURRENT_PROJECT_VERSION = 1;
				GENERATE_INFOPLIST_FILE = YES;
				MARKETING_VERSION = 1.0;
				PRODUCT_BUNDLE_IDENTIFIER = com.co.emegonza.TodoListUITests;
				PRODUCT_NAME = "$(TARGET_NAME)";
				SWIFT_EMIT_LOC_STRINGS = NO;
				SWIFT_VERSION = 5.0;
				TARGETED_DEVICE_FAMILY = "1,2";
				TEST_TARGET_NAME = TodoList;
			};
			name = Release;
		};
/* End XCBuildConfiguration section */

/* Begin XCConfigurationList section */
		2AA8AE2328CE785C0072FF55 /* Build configuration list for PBXProject "TodoList" */ = {
			isa = XCConfigurationList;
			buildConfigurations = (
				2AA8AE5028CE78600072FF55 /* Debug */,
				2AA8AE5128CE78600072FF55 /* Release */,
			);
			defaultConfigurationIsVisible = 0;
			defaultConfigurationName = Release;
		};
		2AA8AE5228CE78600072FF55 /* Build configuration list for PBXNativeTarget "TodoList" */ = {
			isa = XCConfigurationList;
			buildConfigurations = (
				2AA8AE5328CE78600072FF55 /* Debug */,
				2AA8AE5428CE78600072FF55 /* Release */,
			);
			defaultConfigurationIsVisible = 0;
			defaultConfigurationName = Release;
		};
		2AA8AE5528CE78600072FF55 /* Build configuration list for PBXNativeTarget "TodoListTests" */ = {
			isa = XCConfigurationList;
			buildConfigurations = (
				2AA8AE5628CE78600072FF55 /* Debug */,
				2AA8AE5728CE78600072FF55 /* Release */,
			);
			defaultConfigurationIsVisible = 0;
			defaultConfigurationName = Release;
		};
		2AA8AE5828CE78600072FF55 /* Build configuration list for PBXNativeTarget "TodoListUITests" */ = {
			isa = XCConfigurationList;
			buildConfigurations = (
				2AA8AE5928CE78600072FF55 /* Debug */,
				2AA8AE5A28CE78600072FF55 /* Release */,
			);
			defaultConfigurationIsVisible = 0;
			defaultConfigurationName = Release;
		};
/* End XCConfigurationList section */
	};
	rootObject = 2AA8AE2028CE785C0072FF55 /* Project object */;
}
